# This file is automatically generated.
# It is not intended for manual editing.
version = 1

[[packages]]
name = "tofuya:plugin-interface"
registry = "ghcr.io"

[[packages.versions]]
requirement = "=0.1.0"
version = "0.1.0"
digest = "sha256:23c0a78d10c2a95a86145d6776dfae62436c66c624a183c29311a7a99c9b2b52"

[[packages]]
name = "tofuya:provider-gitlab"
registry = "ghcr.io"

[[packages.versions]]
requirement = "=0.1.0"
version = "0.1.0"
digest = "sha256:c094a31025ccf2d5f880d78eb8aa66bdef0aae17abdcc6e1c5cb977b51e3ff20"
